
Microsoft Visual Studio Solution File, Format Version 12.00
# Visual Studio Version 17
VisualStudioVersion = 17.7.34221.43
MinimumVisualStudioVersion = 10.0.40219.1
Project("{FAE04EC0-301F-11D3-BF4B-00C04F79EFBC}") = "ConsoleAppClient", "ConsoleAppClient.csproj", "{ACADD9EB-5CB3-49AD-B177-74E0F8198042}"
EndProject
Global
	GlobalSection(SolutionConfigurationPlatforms) = preSolution
		Debug|Any CPU = Debug|Any CPU
		Release|Any CPU = Release|Any CPU
	EndGlobalSection
	GlobalSection(ProjectConfigurationPlatforms) = postSolution
		{ACADD9EB-5CB3-49AD-B177-74E0F8198042}.Debug|Any CPU.ActiveCfg = Debug|Any CPU
		{ACADD9EB-5CB3-49AD-B177-74E0F8198042}.Debug|Any CPU.Build.0 = Debug|Any CPU
		{ACADD9EB-5CB3-49AD-B177-74E0F8198042}.Release|Any CPU.ActiveCfg = Release|Any CPU
		{ACADD9EB-5CB3-49AD-B177-74E0F8198042}.Release|Any CPU.Build.0 = Release|Any CPU
	EndGlobalSection
	GlobalSection(SolutionProperties) = preSolution
		HideSolutionNode = FALSE
	EndGlobalSection
	GlobalSection(ExtensibilityGlobals) = postSolution
		SolutionGuid = {8882C050-AAE1-47F3-8EB0-AF11680169D9}
	EndGlobalSection
EndGlobal
